// !$*UTF8*$!
{
	archiveVersion = 1;
	classes = {
	};
	objectVersion = 77;
	objects = {

/* Begin PBXBuildFile section */
		6B0662342D3CEDB70093D1F3 /* Preview Assets.xcassets in Resources */ = {isa = PBXBuildFile; fileRef = 6B06622E2D3CEDB70093D1F3 /* Preview Assets.xcassets */; };
		6B0662352D3CEDB70093D1F3 /* Assets.xcassets in Resources */ = {isa = PBXBuildFile; fileRef = 6B0662302D3CEDB70093D1F3 /* Assets.xcassets */; };
		6B0662362D3CEDB70093D1F3 /* ContentView.swift in Sources */ = {isa = PBXBuildFile; fileRef = 6B0662312D3CEDB70093D1F3 /* ContentView.swift */; };
		6B0662372D3CEDB70093D1F3 /* Practice_Algorithms_App.swift in Sources */ = {isa = PBXBuildFile; fileRef = 6B0662322D3CEDB70093D1F3 /* Practice_Algorithms_App.swift */; };
		6B06623E2D3CEE880093D1F3 /* NewsViewModel.swift in Sources */ = {isa = PBXBuildFile; fileRef = 6B06623D2D3CEE880093D1F3 /* NewsViewModel.swift */; };
		6B0662402D3CEED30093D1F3 /* NewsModel.swift in Sources */ = {isa = PBXBuildFile; fileRef = 6B06623F2D3CEED30093D1F3 /* NewsModel.swift */; };
		6B0662422D3CEF340093D1F3 /* Networking.swift in Sources */ = {isa = PBXBuildFile; fileRef = 6B0662412D3CEF340093D1F3 /* Networking.swift */; };
		6B0662452D3CEFF70093D1F3 /* EndPoints.swift in Sources */ = {isa = PBXBuildFile; fileRef = 6B0662442D3CEFF70093D1F3 /* EndPoints.swift */; };
		6B0662472D3D13B50093D1F3 /* Constants.swift in Sources */ = {isa = PBXBuildFile; fileRef = 6B0662462D3D13B50093D1F3 /* Constants.swift */; };
		6B0662492D3D14150093D1F3 /* NetworkErrors.swift in Sources */ = {isa = PBXBuildFile; fileRef = 6B0662482D3D14150093D1F3 /* NetworkErrors.swift */; };
		6B06624D2D3D39380093D1F3 /* NewsRowView.swift in Sources */ = {isa = PBXBuildFile; fileRef = 6B06624C2D3D39380093D1F3 /* NewsRowView.swift */; };
		6B06624F2D3D39510093D1F3 /* DeveloperPreview.swift in Sources */ = {isa = PBXBuildFile; fileRef = 6B06624E2D3D39510093D1F3 /* DeveloperPreview.swift */; };
/* End PBXBuildFile section */

/* Begin PBXFileReference section */
		6B06621D2D3CEDA70093D1F3 /* Practice(Algorithms).app */ = {isa = PBXFileReference; explicitFileType = wrapper.application; includeInIndex = 0; path = "Practice(Algorithms).app"; sourceTree = BUILT_PRODUCTS_DIR; };
		6B06622E2D3CEDB70093D1F3 /* Preview Assets.xcassets */ = {isa = PBXFileReference; lastKnownFileType = folder.assetcatalog; path = "Preview Assets.xcassets"; sourceTree = "<group>"; };
		6B0662302D3CEDB70093D1F3 /* Assets.xcassets */ = {isa = PBXFileReference; lastKnownFileType = folder.assetcatalog; path = Assets.xcassets; sourceTree = "<group>"; };
		6B0662312D3CEDB70093D1F3 /* ContentView.swift */ = {isa = PBXFileReference; lastKnownFileType = sourcecode.swift; path = ContentView.swift; sourceTree = "<group>"; };
		6B0662322D3CEDB70093D1F3 /* Practice_Algorithms_App.swift */ = {isa = PBXFileReference; lastKnownFileType = sourcecode.swift; path = Practice_Algorithms_App.swift; sourceTree = "<group>"; };
		6B06623D2D3CEE880093D1F3 /* NewsViewModel.swift */ = {isa = PBXFileReference; lastKnownFileType = sourcecode.swift; path = NewsViewModel.swift; sourceTree = "<group>"; };
		6B06623F2D3CEED30093D1F3 /* NewsModel.swift */ = {isa = PBXFileReference; lastKnownFileType = sourcecode.swift; path = NewsModel.swift; sourceTree = "<group>"; };
		6B0662412D3CEF340093D1F3 /* Networking.swift */ = {isa = PBXFileReference; lastKnownFileType = sourcecode.swift; path = Networking.swift; sourceTree = "<group>"; };
		6B0662442D3CEFF70093D1F3 /* EndPoints.swift */ = {isa = PBXFileReference; lastKnownFileType = sourcecode.swift; path = EndPoints.swift; sourceTree = "<group>"; };
		6B0662462D3D13B50093D1F3 /* Constants.swift */ = {isa = PBXFileReference; lastKnownFileType = sourcecode.swift; path = Constants.swift; sourceTree = "<group>"; };
		6B0662482D3D14150093D1F3 /* NetworkErrors.swift */ = {isa = PBXFileReference; lastKnownFileType = sourcecode.swift; path = NetworkErrors.swift; sourceTree = "<group>"; };
		6B06624C2D3D39380093D1F3 /* NewsRowView.swift */ = {isa = PBXFileReference; lastKnownFileType = sourcecode.swift; path = NewsRowView.swift; sourceTree = "<group>"; };
		6B06624E2D3D39510093D1F3 /* DeveloperPreview.swift */ = {isa = PBXFileReference; lastKnownFileType = sourcecode.swift; path = DeveloperPreview.swift; sourceTree = "<group>"; };
/* End PBXFileReference section */

/* Begin PBXFrameworksBuildPhase section */
		6B06621A2D3CEDA70093D1F3 /* Frameworks */ = {
			isa = PBXFrameworksBuildPhase;
			buildActionMask = 2147483647;
			files = (
			);
			runOnlyForDeploymentPostprocessing = 0;
		};
/* End PBXFrameworksBuildPhase section */

/* Begin PBXGroup section */
		6B0662142D3CEDA70093D1F3 = {
			isa = PBXGroup;
			children = (
				6B0662332D3CEDB70093D1F3 /* Practice(Algorithms) */,
				6B06621E2D3CEDA70093D1F3 /* Products */,
			);
			sourceTree = "<group>";
		};
		6B06621E2D3CEDA70093D1F3 /* Products */ = {
			isa = PBXGroup;
			children = (
				6B06621D2D3CEDA70093D1F3 /* Practice(Algorithms).app */,
			);
			name = Products;
			sourceTree = "<group>";
		};
		6B06622F2D3CEDB70093D1F3 /* Preview Content */ = {
			isa = PBXGroup;
			children = (
				6B06622E2D3CEDB70093D1F3 /* Preview Assets.xcassets */,
			);
			path = "Preview Content";
			sourceTree = "<group>";
		};
		6B0662332D3CEDB70093D1F3 /* Practice(Algorithms) */ = {
			isa = PBXGroup;
			children = (
				6B06623B2D3CEE070093D1F3 /* Core */,
				6B06623C2D3CEE140093D1F3 /* Services */,
				6B0662432D3CEFDF0093D1F3 /* Helpers */,
				6B0662302D3CEDB70093D1F3 /* Assets.xcassets */,
				6B06622F2D3CEDB70093D1F3 /* Preview Content */,
			);
			path = "Practice(Algorithms)";
			sourceTree = "<group>";
		};
		6B0662382D3CEDD60093D1F3 /* Views */ = {
			isa = PBXGroup;
			children = (
				6B0662312D3CEDB70093D1F3 /* ContentView.swift */,
				6B06624C2D3D39380093D1F3 /* NewsRowView.swift */,
			);
			path = Views;
			sourceTree = "<group>";
		};
		6B0662392D3CEDE30093D1F3 /* Model */ = {
			isa = PBXGroup;
			children = (
				6B06623F2D3CEED30093D1F3 /* NewsModel.swift */,
			);
			path = Model;
			sourceTree = "<group>";
		};
		6B06623A2D3CEDEF0093D1F3 /* ViewModel */ = {
			isa = PBXGroup;
			children = (
				6B06623D2D3CEE880093D1F3 /* NewsViewModel.swift */,
			);
			path = ViewModel;
			sourceTree = "<group>";
		};
		6B06623B2D3CEE070093D1F3 /* Core */ = {
			isa = PBXGroup;
			children = (
				6B0662322D3CEDB70093D1F3 /* Practice_Algorithms_App.swift */,
				6B0662382D3CEDD60093D1F3 /* Views */,
				6B0662392D3CEDE30093D1F3 /* Model */,
				6B06623A2D3CEDEF0093D1F3 /* ViewModel */,
			);
			path = Core;
			sourceTree = "<group>";
		};
		6B06623C2D3CEE140093D1F3 /* Services */ = {
			isa = PBXGroup;
			children = (
				6B0662412D3CEF340093D1F3 /* Networking.swift */,
			);
			path = Services;
			sourceTree = "<group>";
		};
		6B0662432D3CEFDF0093D1F3 /* Helpers */ = {
			isa = PBXGroup;
			children = (
				6B0662442D3CEFF70093D1F3 /* EndPoints.swift */,
				6B0662462D3D13B50093D1F3 /* Constants.swift */,
				6B0662482D3D14150093D1F3 /* NetworkErrors.swift */,
				6B06624E2D3D39510093D1F3 /* DeveloperPreview.swift */,
			);
			path = Helpers;
			sourceTree = "<group>";
		};
/* End PBXGroup section */

/* Begin PBXNativeTarget section */
		6B06621C2D3CEDA70093D1F3 /* Practice(Algorithms) */ = {
			isa = PBXNativeTarget;
			buildConfigurationList = 6B06622B2D3CEDA90093D1F3 /* Build configuration list for PBXNativeTarget "Practice(Algorithms)" */;
			buildPhases = (
				6B0662192D3CEDA70093D1F3 /* Sources */,
				6B06621A2D3CEDA70093D1F3 /* Frameworks */,
				6B06621B2D3CEDA70093D1F3 /* Resources */,
			);
			buildRules = (
			);
			dependencies = (
			);
			name = "Practice(Algorithms)";
			packageProductDependencies = (
			);
			productName = "Practice(Algorithms)";
			productReference = 6B06621D2D3CEDA70093D1F3 /* Practice(Algorithms).app */;
			productType = "com.apple.product-type.application";
		};
/* End PBXNativeTarget section */

/* Begin PBXProject section */
		6B0662152D3CEDA70093D1F3 /* Project object */ = {
			isa = PBXProject;
			attributes = {
				BuildIndependentTargetsInParallel = 1;
				LastSwiftUpdateCheck = 1620;
				LastUpgradeCheck = 1620;
				TargetAttributes = {
					6B06621C2D3CEDA70093D1F3 = {
						CreatedOnToolsVersion = 16.2;
					};
				};
			};
			buildConfigurationList = 6B0662182D3CEDA70093D1F3 /* Build configuration list for PBXProject "Practice(Algorithms)" */;
			developmentRegion = en;
			hasScannedForEncodings = 0;
			knownRegions = (
				en,
				Base,
			);
			mainGroup = 6B0662142D3CEDA70093D1F3;
			minimizedProjectReferenceProxies = 1;
			preferredProjectObjectVersion = 77;
			productRefGroup = 6B06621E2D3CEDA70093D1F3 /* Products */;
			projectDirPath = "";
			projectRoot = "";
			targets = (
				6B06621C2D3CEDA70093D1F3 /* Practice(Algorithms) */,
			);
		};
/* End PBXProject section */

/* Begin PBXResourcesBuildPhase section */
		6B06621B2D3CEDA70093D1F3 /* Resources */ = {
			isa = PBXResourcesBuildPhase;
			buildActionMask = 2147483647;
			files = (
				6B0662342D3CEDB70093D1F3 /* Preview Assets.xcassets in Resources */,
				6B0662352D3CEDB70093D1F3 /* Assets.xcassets in Resources */,
			);
			runOnlyForDeploymentPostprocessing = 0;
		};
/* End PBXResourcesBuildPhase section */

/* Begin PBXSourcesBuildPhase section */
		6B0662192D3CEDA70093D1F3 /* Sources */ = {
			isa = PBXSourcesBuildPhase;
			buildActionMask = 2147483647;
			files = (
				6B0662402D3CEED30093D1F3 /* NewsModel.swift in Sources */,
				6B0662422D3CEF340093D1F3 /* Networking.swift in Sources */,
				6B06624D2D3D39380093D1F3 /* NewsRowView.swift in Sources */,
				6B0662362D3CEDB70093D1F3 /* ContentView.swift in Sources */,
				6B06623E2D3CEE880093D1F3 /* NewsViewModel.swift in Sources */,
				6B06624F2D3D39510093D1F3 /* DeveloperPreview.swift in Sources */,
				6B0662472D3D13B50093D1F3 /* Constants.swift in Sources */,
				6B0662492D3D14150093D1F3 /* NetworkErrors.swift in Sources */,
				6B0662452D3CEFF70093D1F3 /* EndPoints.swift in Sources */,
				6B0662372D3CEDB70093D1F3 /* Practice_Algorithms_App.swift in Sources */,
			);
			runOnlyForDeploymentPostprocessing = 0;
		};
/* End PBXSourcesBuildPhase section */

/* Begin XCBuildConfiguration section */
		6B0662292D3CEDA90093D1F3 /* Debug */ = {
			isa = XCBuildConfiguration;
			buildSettings = {
				ALWAYS_SEARCH_USER_PATHS = NO;
				ASSETCATALOG_COMPILER_GENERATE_SWIFT_ASSET_SYMBOL_EXTENSIONS = YES;
				CLANG_ANALYZER_NONNULL = YES;
				CLANG_ANALYZER_NUMBER_OBJECT_CONVERSION = YES_AGGRESSIVE;
				CLANG_CXX_LANGUAGE_STANDARD = "gnu++20";
				CLANG_ENABLE_MODULES = YES;
				CLANG_ENABLE_OBJC_ARC = YES;
				CLANG_ENABLE_OBJC_WEAK = YES;
				CLANG_WARN_BLOCK_CAPTURE_AUTORELEASING = YES;
				CLANG_WARN_BOOL_CONVERSION = YES;
				CLANG_WARN_COMMA = YES;
				CLANG_WARN_CONSTANT_CONVERSION = YES;
				CLANG_WARN_DEPRECATED_OBJC_IMPLEMENTATIONS = YES;
				CLANG_WARN_DIRECT_OBJC_ISA_USAGE = YES_ERROR;
				CLANG_WARN_DOCUMENTATION_COMMENTS = YES;
				CLANG_WARN_EMPTY_BODY = YES;
				CLANG_WARN_ENUM_CONVERSION = YES;
				CLANG_WARN_INFINITE_RECURSION = YES;
				CLANG_WARN_INT_CONVERSION = YES;
				CLANG_WARN_NON_LITERAL_NULL_CONVERSION = YES;
				CLANG_WARN_OBJC_IMPLICIT_RETAIN_SELF = YES;
				CLANG_WARN_OBJC_LITERAL_CONVERSION = YES;
				CLANG_WARN_OBJC_ROOT_CLASS = YES_ERROR;
				CLANG_WARN_QUOTED_INCLUDE_IN_FRAMEWORK_HEADER = YES;
				CLANG_WARN_RANGE_LOOP_ANALYSIS = YES;
				CLANG_WARN_STRICT_PROTOTYPES = YES;
				CLANG_WARN_SUSPICIOUS_MOVE = YES;
				CLANG_WARN_UNGUARDED_AVAILABILITY = YES_AGGRESSIVE;
				CLANG_WARN_UNREACHABLE_CODE = YES;
				CLANG_WARN__DUPLICATE_METHOD_MATCH = YES;
				COPY_PHASE_STRIP = NO;
				DEBUG_INFORMATION_FORMAT = dwarf;
				ENABLE_STRICT_OBJC_MSGSEND = YES;
				ENABLE_TESTABILITY = YES;
				ENABLE_USER_SCRIPT_SANDBOXING = YES;
				GCC_C_LANGUAGE_STANDARD = gnu17;
				GCC_DYNAMIC_NO_PIC = NO;
				GCC_NO_COMMON_BLOCKS = YES;
				GCC_OPTIMIZATION_LEVEL = 0;
				GCC_PREPROCESSOR_DEFINITIONS = (
					"DEBUG=1",
					"$(inherited)",
				);
				GCC_WARN_64_TO_32_BIT_CONVERSION = YES;
				GCC_WARN_ABOUT_RETURN_TYPE = YES_ERROR;
				GCC_WARN_UNDECLARED_SELECTOR = YES;
				GCC_WARN_UNINITIALIZED_AUTOS = YES_AGGRESSIVE;
				GCC_WARN_UNUSED_FUNCTION = YES;
				GCC_WARN_UNUSED_VARIABLE = YES;
				IPHONEOS_DEPLOYMENT_TARGET = 18.2;
				LOCALIZATION_PREFERS_STRING_CATALOGS = YES;
				MTL_ENABLE_DEBUG_INFO = INCLUDE_SOURCE;
				MTL_FAST_MATH = YES;
				ONLY_ACTIVE_ARCH = YES;
				SDKROOT = iphoneos;
				SWIFT_ACTIVE_COMPILATION_CONDITIONS = "DEBUG $(inherited)";
				SWIFT_OPTIMIZATION_LEVEL = "-Onone";
			};
			name = Debug;
		};
		6B06622A2D3CEDA90093D1F3 /* Release */ = {
			isa = XCBuildConfiguration;
			buildSettings = {
				ALWAYS_SEARCH_USER_PATHS = NO;
				ASSETCATALOG_COMPILER_GENERATE_SWIFT_ASSET_SYMBOL_EXTENSIONS = YES;
				CLANG_ANALYZER_NONNULL = YES;
				CLANG_ANALYZER_NUMBER_OBJECT_CONVERSION = YES_AGGRESSIVE;
				CLANG_CXX_LANGUAGE_STANDARD = "gnu++20";
				CLANG_ENABLE_MODULES = YES;
				CLANG_ENABLE_OBJC_ARC = YES;
				CLANG_ENABLE_OBJC_WEAK = YES;
				CLANG_WARN_BLOCK_CAPTURE_AUTORELEASING = YES;
				CLANG_WARN_BOOL_CONVERSION = YES;
				CLANG_WARN_COMMA = YES;
				CLANG_WARN_CONSTANT_CONVERSION = YES;
				CLANG_WARN_DEPRECATED_OBJC_IMPLEMENTATIONS = YES;
				CLANG_WARN_DIRECT_OBJC_ISA_USAGE = YES_ERROR;
				CLANG_WARN_DOCUMENTATION_COMMENTS = YES;
				CLANG_WARN_EMPTY_BODY = YES;
				CLANG_WARN_ENUM_CONVERSION = YES;
				CLANG_WARN_INFINITE_RECURSION = YES;
				CLANG_WARN_INT_CONVERSION = YES;
				CLANG_WARN_NON_LITERAL_NULL_CONVERSION = YES;
				CLANG_WARN_OBJC_IMPLICIT_RETAIN_SELF = YES;
				CLANG_WARN_OBJC_LITERAL_CONVERSION = YES;
				CLANG_WARN_OBJC_ROOT_CLASS = YES_ERROR;
				CLANG_WARN_QUOTED_INCLUDE_IN_FRAMEWORK_HEADER = YES;
				CLANG_WARN_RANGE_LOOP_ANALYSIS = YES;
				CLANG_WARN_STRICT_PROTOTYPES = YES;
				CLANG_WARN_SUSPICIOUS_MOVE = YES;
				CLANG_WARN_UNGUARDED_AVAILABILITY = YES_AGGRESSIVE;
				CLANG_WARN_UNREACHABLE_CODE = YES;
				CLANG_WARN__DUPLICATE_METHOD_MATCH = YES;
				COPY_PHASE_STRIP = NO;
				DEBUG_INFORMATION_FORMAT = "dwarf-with-dsym";
				ENABLE_NS_ASSERTIONS = NO;
				ENABLE_STRICT_OBJC_MSGSEND = YES;
				ENABLE_USER_SCRIPT_SANDBOXING = YES;
				GCC_C_LANGUAGE_STANDARD = gnu17;
				GCC_NO_COMMON_BLOCKS = YES;
				GCC_WARN_64_TO_32_BIT_CONVERSION = YES;
				GCC_WARN_ABOUT_RETURN_TYPE = YES_ERROR;
				GCC_WARN_UNDECLARED_SELECTOR = YES;
				GCC_WARN_UNINITIALIZED_AUTOS = YES_AGGRESSIVE;
				GCC_WARN_UNUSED_FUNCTION = YES;
				GCC_WARN_UNUSED_VARIABLE = YES;
				IPHONEOS_DEPLOYMENT_TARGET = 18.2;
				LOCALIZATION_PREFERS_STRING_CATALOGS = YES;
				MTL_ENABLE_DEBUG_INFO = NO;
				MTL_FAST_MATH = YES;
				SDKROOT = iphoneos;
				SWIFT_COMPILATION_MODE = wholemodule;
				VALIDATE_PRODUCT = YES;
			};
			name = Release;
		};
		6B06622C2D3CEDA90093D1F3 /* Debug */ = {
			isa = XCBuildConfiguration;
			buildSettings = {
				ASSETCATALOG_COMPILER_APPICON_NAME = AppIcon;
				ASSETCATALOG_COMPILER_GLOBAL_ACCENT_COLOR_NAME = AccentColor;
				CODE_SIGN_STYLE = Automatic;
				CURRENT_PROJECT_VERSION = 1;
				DEVELOPMENT_ASSET_PATHS = "\"Practice(Algorithms)/Preview Content\"";
				DEVELOPMENT_TEAM = XYXST7NTMH;
				ENABLE_PREVIEWS = YES;
				GENERATE_INFOPLIST_FILE = YES;
				INFOPLIST_KEY_UIApplicationSceneManifest_Generation = YES;
				INFOPLIST_KEY_UIApplicationSupportsIndirectInputEvents = YES;
				INFOPLIST_KEY_UILaunchScreen_Generation = YES;
				INFOPLIST_KEY_UISupportedInterfaceOrientations_iPad = "UIInterfaceOrientationPortrait UIInterfaceOrientationPortraitUpsideDown UIInterfaceOrientationLandscapeLeft UIInterfaceOrientationLandscapeRight";
				INFOPLIST_KEY_UISupportedInterfaceOrientations_iPhone = "UIInterfaceOrientationPortrait UIInterfaceOrientationLandscapeLeft UIInterfaceOrientationLandscapeRight";
				LD_RUNPATH_SEARCH_PATHS = (
					"$(inherited)",
					"@executable_path/Frameworks",
				);
				MARKETING_VERSION = 1.0;
				PRODUCT_BUNDLE_IDENTIFIER = "algorithms.Practice-Algorithms-";
				PRODUCT_NAME = "$(TARGET_NAME)";
				SWIFT_EMIT_LOC_STRINGS = YES;
				SWIFT_VERSION = 5.0;
				TARGETED_DEVICE_FAMILY = "1,2";
			};
			name = Debug;
		};
		6B06622D2D3CEDA90093D1F3 /* Release */ = {
			isa = XCBuildConfiguration;
			buildSettings = {
				ASSETCATALOG_COMPILER_APPICON_NAME = AppIcon;
				ASSETCATALOG_COMPILER_GLOBAL_ACCENT_COLOR_NAME = AccentColor;
				CODE_SIGN_STYLE = Automatic;
				CURRENT_PROJECT_VERSION = 1;
				DEVELOPMENT_ASSET_PATHS = "\"Practice(Algorithms)/Preview Content\"";
				DEVELOPMENT_TEAM = XYXST7NTMH;
				ENABLE_PREVIEWS = YES;
				GENERATE_INFOPLIST_FILE = YES;
				INFOPLIST_KEY_UIApplicationSceneManifest_Generation = YES;
				INFOPLIST_KEY_UIApplicationSupportsIndirectInputEvents = YES;
				INFOPLIST_KEY_UILaunchScreen_Generation = YES;
				INFOPLIST_KEY_UISupportedInterfaceOrientations_iPad = "UIInterfaceOrientationPortrait UIInterfaceOrientationPortraitUpsideDown UIInterfaceOrientationLandscapeLeft UIInterfaceOrientationLandscapeRight";
				INFOPLIST_KEY_UISupportedInterfaceOrientations_iPhone = "UIInterfaceOrientationPortrait UIInterfaceOrientationLandscapeLeft UIInterfaceOrientationLandscapeRight";
				LD_RUNPATH_SEARCH_PATHS = (
					"$(inherited)",
					"@executable_path/Frameworks",
				);
				MARKETING_VERSION = 1.0;
				PRODUCT_BUNDLE_IDENTIFIER = "algorithms.Practice-Algorithms-";
				PRODUCT_NAME = "$(TARGET_NAME)";
				SWIFT_EMIT_LOC_STRINGS = YES;
				SWIFT_VERSION = 5.0;
				TARGETED_DEVICE_FAMILY = "1,2";
			};
			name = Release;
		};
/* End XCBuildConfiguration section */

/* Begin XCConfigurationList section */
		6B0662182D3CEDA70093D1F3 /* Build configuration list for PBXProject "Practice(Algorithms)" */ = {
			isa = XCConfigurationList;
			buildConfigurations = (
				6B0662292D3CEDA90093D1F3 /* Debug */,
				6B06622A2D3CEDA90093D1F3 /* Release */,
			);
			defaultConfigurationIsVisible = 0;
			defaultConfigurationName = Release;
		};
		6B06622B2D3CEDA90093D1F3 /* Build configuration list for PBXNativeTarget "Practice(Algorithms)" */ = {
			isa = XCConfigurationList;
			buildConfigurations = (
				6B06622C2D3CEDA90093D1F3 /* Debug */,
				6B06622D2D3CEDA90093D1F3 /* Release */,
			);
			defaultConfigurationIsVisible = 0;
			defaultConfigurationName = Release;
		};
/* End XCConfigurationList section */
	};
	rootObject = 6B0662152D3CEDA70093D1F3 /* Project object */;
}
